
Microsoft Visual Studio Solution File, Format Version 12.00
# Visual Studio 15
VisualStudioVersion = 15.0.28307.329
MinimumVisualStudioVersion = 10.0.40219.1
Project("{FAE04EC0-301F-11D3-BF4B-00C04F79EFBC}") = "BOL", "BOL\BOL.csproj", "{237E5D3F-00FF-4580-B0CA-6BA489964DC6}"
EndProject
Project("{FAE04EC0-301F-11D3-BF4B-00C04F79EFBC}") = "BLL", "BLL\BLL.csproj", "{341CBADF-63A9-4C27-91C5-13D8663956F8}"
EndProject
Project("{FAE04EC0-301F-11D3-BF4B-00C04F79EFBC}") = "DAL", "DAL\DAL.csproj", "{93172658-5B56-4AC0-835C-A4E327B236C2}"
EndProject
Project("{FAE04EC0-301F-11D3-BF4B-00C04F79EFBC}") = "ECommWebFE", "ECommWebFE\ECommWebFE.csproj", "{A1B72636-FF99-4D40-AF88-D9DC790C9488}"
EndProject
Global
	GlobalSection(SolutionConfigurationPlatforms) = preSolution
		Debug|Any CPU = Debug|Any CPU
		Release|Any CPU = Release|Any CPU
	EndGlobalSection
	GlobalSection(ProjectConfigurationPlatforms) = postSolution
		{237E5D3F-00FF-4580-B0CA-6BA489964DC6}.Debug|Any CPU.ActiveCfg = Debug|Any CPU
		{237E5D3F-00FF-4580-B0CA-6BA489964DC6}.Debug|Any CPU.Build.0 = Debug|Any CPU
		{237E5D3F-00FF-4580-B0CA-6BA489964DC6}.Release|Any CPU.ActiveCfg = Release|Any CPU
		{237E5D3F-00FF-4580-B0CA-6BA489964DC6}.Release|Any CPU.Build.0 = Release|Any CPU
		{341CBADF-63A9-4C27-91C5-13D8663956F8}.Debug|Any CPU.ActiveCfg = Debug|Any CPU
		{341CBADF-63A9-4C27-91C5-13D8663956F8}.Debug|Any CPU.Build.0 = Debug|Any CPU
		{341CBADF-63A9-4C27-91C5-13D8663956F8}.Release|Any CPU.ActiveCfg = Release|Any CPU
		{341CBADF-63A9-4C27-91C5-13D8663956F8}.Release|Any CPU.Build.0 = Release|Any CPU
		{93172658-5B56-4AC0-835C-A4E327B236C2}.Debug|Any CPU.ActiveCfg = Debug|Any CPU
		{93172658-5B56-4AC0-835C-A4E327B236C2}.Debug|Any CPU.Build.0 = Debug|Any CPU
		{93172658-5B56-4AC0-835C-A4E327B236C2}.Release|Any CPU.ActiveCfg = Release|Any CPU
		{93172658-5B56-4AC0-835C-A4E327B236C2}.Release|Any CPU.Build.0 = Release|Any CPU
		{A1B72636-FF99-4D40-AF88-D9DC790C9488}.Debug|Any CPU.ActiveCfg = Debug|Any CPU
		{A1B72636-FF99-4D40-AF88-D9DC790C9488}.Debug|Any CPU.Build.0 = Debug|Any CPU
		{A1B72636-FF99-4D40-AF88-D9DC790C9488}.Release|Any CPU.ActiveCfg = Release|Any CPU
		{A1B72636-FF99-4D40-AF88-D9DC790C9488}.Release|Any CPU.Build.0 = Release|Any CPU
	EndGlobalSection
	GlobalSection(SolutionProperties) = preSolution
		HideSolutionNode = FALSE
	EndGlobalSection
	GlobalSection(ExtensibilityGlobals) = postSolution
		SolutionGuid = {FF158931-CC2F-4570-BB22-A486F1D5904B}
	EndGlobalSection
EndGlobal
